{
  "name": "jsonresume-theme-two-column",
  "version": "1.0.0",
  "lockfileVersion": 3,
  "requires": true,
  "packages": {
    "": {
      "name": "jsonresume-theme-two-column",
      "version": "1.0.0",
      "license": "MIT",
      "devDependencies": {
        "@jsonresume/sample-data": "^0.2.1"
      },
      "engines": {
        "node": ">=18"
      }
    },
    "node_modules/@jsonresume/sample-data": {
      "version": "0.2.1",
      "resolved": "https://registry.npmjs.org/@jsonresume/sample-data/-/sample-data-0.2.1.tgz",
      "integrity": "sha512-MCT529uLFkFAjK3jvcyLR8qkdSEfxj/xvjtg5v5vOUIZ0dXZdj/S5OkXKZx5nHja8L4Jrcg4SUVn7kdr4YZENw==",
      "dev": true,
      "license": "MIT"
    }
  }
}
